// !$*UTF8*$!
{
	archiveVersion = 1;
	classes = {
	};
	objectVersion = 77;
	objects = {

/* Begin PBXBuildFile section */
		03EC6112FFD18D0DE59FC358 /* DesignSystem in Frameworks */ = {isa = PBXBuildFile; productRef = 368BD3D1E5159E9702541E4C /* DesignSystem */; };
		1B54BAC20ABF13D52322A7DE /* DIContainer.swift in Sources */ = {isa = PBXBuildFile; fileRef = 37E151D0FAA8B993B686FD6C /* DIContainer.swift */; };
		319BCF9200C6FF28EFEA6E80 /* FormDetailFeature in Frameworks */ = {isa = PBXBuildFile; productRef = 3B56FED9296936476CE6901D /* FormDetailFeature */; };
		4299857CE9E2EA090D6DA3C0 /* FormListFeature in Frameworks */ = {isa = PBXBuildFile; productRef = DB35E8C44F8510317B000964 /* FormListFeature */; };
		525038AB08E685C52E8319F0 /* Domain in Frameworks */ = {isa = PBXBuildFile; productRef = 68306E9430800CB424DE5C9C /* Domain */; };
		68560D30A88ADF5C59C2DAF1 /* DynamicFormsUITestsLaunchTests.swift in Sources */ = {isa = PBXBuildFile; fileRef = 070D7D31F83ACD4E121C342B /* DynamicFormsUITestsLaunchTests.swift */; };
		696EAAA82DD2B2AE6772D499 /* DataLocal in Frameworks */ = {isa = PBXBuildFile; productRef = B9F790B9EEDCDFE482D5BC83 /* DataLocal */; };
		6A8932E3D1D5DD0E9CA8B152 /* DataRepository in Frameworks */ = {isa = PBXBuildFile; productRef = 74312C1A3CAAB43D82A3E304 /* DataRepository */; };
		85FB831513EEA30274A61410 /* DataMapper in Frameworks */ = {isa = PBXBuildFile; productRef = 61C297BFFEDADA1AC0D1B2C7 /* DataMapper */; };
		87A20FCC449F2BC80FDAB700 /* Utilities in Frameworks */ = {isa = PBXBuildFile; productRef = 36EAC9108A33EF932F460459 /* Utilities */; };
		9A45BCD8C2495F4D3003833E /* AppCoordinator.swift in Sources */ = {isa = PBXBuildFile; fileRef = 07C6F5B7E286A67D603F9161 /* AppCoordinator.swift */; };
		AB62F7DC7723C086120FEC71 /* DynamicFormsApp.swift in Sources */ = {isa = PBXBuildFile; fileRef = "TEMP_F5597705-FB7F-423E-A175-C7E8F67CDA2E" /* DynamicFormsApp.swift */; };
		CA9162E61408285809C75F59 /* FormEntriesFeature in Frameworks */ = {isa = PBXBuildFile; productRef = 91C9E7539EEA9E0014DD7337 /* FormEntriesFeature */; };
		D55CD17DAD1FD3BE09EBA646 /* DynamicFormsTests.swift in Sources */ = {isa = PBXBuildFile; fileRef = 6585B1144FA2219F5476C8A8 /* DynamicFormsTests.swift */; };
		E8B3779245846495379E9888 /* DynamicFormsUITests.swift in Sources */ = {isa = PBXBuildFile; fileRef = E7C27CD9C08E06114727983C /* DynamicFormsUITests.swift */; };
		FB517836FC2D3312C6301FDE /* UIComponents in Frameworks */ = {isa = PBXBuildFile; productRef = 8786F7A924D2B2F75989C2DF /* UIComponents */; };
		FBAE9EA44C896DA9F7EE6AB2 /* TestUtils in Frameworks */ = {isa = PBXBuildFile; productRef = A6490D1A083606B7A3005E2E /* TestUtils */; };
/* End PBXBuildFile section */

/* Begin PBXContainerItemProxy section */
		68042FE12AA602B03876A84B /* PBXContainerItemProxy */ = {
			isa = PBXContainerItemProxy;
			containerPortal = C09E54B66A7265DC24A67F15 /* Project object */;
			proxyType = 1;
			remoteGlobalIDString = 1E7711D42CE9E67625757803;
			remoteInfo = DynamicForms;
		};
		806B77EB64417FC5F77820E9 /* PBXContainerItemProxy */ = {
			isa = PBXContainerItemProxy;
			containerPortal = C09E54B66A7265DC24A67F15 /* Project object */;
			proxyType = 1;
			remoteGlobalIDString = 1E7711D42CE9E67625757803;
			remoteInfo = DynamicForms;
		};
/* End PBXContainerItemProxy section */

/* Begin PBXFileReference section */
		070D7D31F83ACD4E121C342B /* DynamicFormsUITestsLaunchTests.swift */ = {isa = PBXFileReference; lastKnownFileType = sourcecode.swift; path = DynamicFormsUITestsLaunchTests.swift; sourceTree = "<group>"; };
		07C6F5B7E286A67D603F9161 /* AppCoordinator.swift */ = {isa = PBXFileReference; lastKnownFileType = sourcecode.swift; path = AppCoordinator.swift; sourceTree = "<group>"; };
		37E151D0FAA8B993B686FD6C /* DIContainer.swift */ = {isa = PBXFileReference; lastKnownFileType = sourcecode.swift; path = DIContainer.swift; sourceTree = "<group>"; };
		3E23FB4E59038F76E4887D35 /* FormDetailFeature */ = {isa = PBXFileReference; lastKnownFileType = folder; name = FormDetailFeature; path = Packages/Features/FormDetailFeature; sourceTree = SOURCE_ROOT; };
		601C83FC9DDCDBC24B278539 /* DynamicFormsTests.xctest */ = {isa = PBXFileReference; includeInIndex = 0; lastKnownFileType = wrapper.cfbundle; path = DynamicFormsTests.xctest; sourceTree = BUILT_PRODUCTS_DIR; };
		6585B1144FA2219F5476C8A8 /* DynamicFormsTests.swift */ = {isa = PBXFileReference; lastKnownFileType = sourcecode.swift; path = DynamicFormsTests.swift; sourceTree = "<group>"; };
		6681CE6909AD93BC3018CD1C /* Utilities */ = {isa = PBXFileReference; lastKnownFileType = folder; name = Utilities; path = Packages/Core/Utilities; sourceTree = SOURCE_ROOT; };
		7ABC3F19013E471F4EE127C5 /* DynamicForms.app */ = {isa = PBXFileReference; includeInIndex = 0; lastKnownFileType = wrapper.application; path = DynamicForms.app; sourceTree = BUILT_PRODUCTS_DIR; };
		7CFEBF23744CACBBEB9CCBBF /* DynamicFormsUITests.xctest */ = {isa = PBXFileReference; includeInIndex = 0; lastKnownFileType = wrapper.cfbundle; path = DynamicFormsUITests.xctest; sourceTree = BUILT_PRODUCTS_DIR; };
		7F6DF6860F6E7972E3D7D4DE /* DesignSystem */ = {isa = PBXFileReference; lastKnownFileType = folder; name = DesignSystem; path = Packages/Core/DesignSystem; sourceTree = SOURCE_ROOT; };
		9F03F85893E42D2DD36819CF /* TestUtils */ = {isa = PBXFileReference; lastKnownFileType = folder; name = TestUtils; path = Packages/Core/TestUtils; sourceTree = SOURCE_ROOT; };
		A435F86326BAB89EB3990C8B /* Domain */ = {isa = PBXFileReference; lastKnownFileType = folder; name = Domain; path = Packages/Domain; sourceTree = SOURCE_ROOT; };
		A576AAC3C21B17668CD94F6F /* UIComponents */ = {isa = PBXFileReference; lastKnownFileType = folder; name = UIComponents; path = Packages/Core/UIComponents; sourceTree = SOURCE_ROOT; };
		B4725C1B2641CFB85982F61C /* DataLocal */ = {isa = PBXFileReference; lastKnownFileType = folder; name = DataLocal; path = Packages/Data/DataLocal; sourceTree = SOURCE_ROOT; };
		CC4D8E13B1D8FADF0801BF7C /* DataMapper */ = {isa = PBXFileReference; lastKnownFileType = folder; name = DataMapper; path = Packages/Data/DataMapper; sourceTree = SOURCE_ROOT; };
		E7C27CD9C08E06114727983C /* DynamicFormsUITests.swift */ = {isa = PBXFileReference; lastKnownFileType = sourcecode.swift; path = DynamicFormsUITests.swift; sourceTree = "<group>"; };
		E9C4F1659BAF6061B3C77575 /* DataRepository */ = {isa = PBXFileReference; lastKnownFileType = folder; name = DataRepository; path = Packages/Data/DataRepository; sourceTree = SOURCE_ROOT; };
		F21292A4ACDF47CD40064037 /* FormEntriesFeature */ = {isa = PBXFileReference; lastKnownFileType = folder; name = FormEntriesFeature; path = Packages/Features/FormEntriesFeature; sourceTree = SOURCE_ROOT; };
		FDA178BCC14E79B802D7C593 /* FormListFeature */ = {isa = PBXFileReference; lastKnownFileType = folder; name = FormListFeature; path = Packages/Features/FormListFeature; sourceTree = SOURCE_ROOT; };
		"TEMP_F5597705-FB7F-423E-A175-C7E8F67CDA2E" /* DynamicFormsApp.swift */ = {isa = PBXFileReference; lastKnownFileType = sourcecode.swift; path = DynamicFormsApp.swift; sourceTree = "<group>"; };
/* End PBXFileReference section */

/* Begin PBXFrameworksBuildPhase section */
		5949BE4BEB5336873211D268 /* Frameworks */ = {
			isa = PBXFrameworksBuildPhase;
			buildActionMask = 2147483647;
			files = (
				FBAE9EA44C896DA9F7EE6AB2 /* TestUtils in Frameworks */,
			);
			runOnlyForDeploymentPostprocessing = 0;
		};
		6651AA2C02E7064ECB8FE398 /* Frameworks */ = {
			isa = PBXFrameworksBuildPhase;
			buildActionMask = 2147483647;
			files = (
				525038AB08E685C52E8319F0 /* Domain in Frameworks */,
				6A8932E3D1D5DD0E9CA8B152 /* DataRepository in Frameworks */,
				696EAAA82DD2B2AE6772D499 /* DataLocal in Frameworks */,
				85FB831513EEA30274A61410 /* DataMapper in Frameworks */,
				03EC6112FFD18D0DE59FC358 /* DesignSystem in Frameworks */,
				FB517836FC2D3312C6301FDE /* UIComponents in Frameworks */,
				87A20FCC449F2BC80FDAB700 /* Utilities in Frameworks */,
				4299857CE9E2EA090D6DA3C0 /* FormListFeature in Frameworks */,
				CA9162E61408285809C75F59 /* FormEntriesFeature in Frameworks */,
				319BCF9200C6FF28EFEA6E80 /* FormDetailFeature in Frameworks */,
			);
			runOnlyForDeploymentPostprocessing = 0;
		};
/* End PBXFrameworksBuildPhase section */

/* Begin PBXGroup section */
		6DCEC2F9E66EE58F0CBCD6BD /* Packages */ = {
			isa = PBXGroup;
			children = (
				B4725C1B2641CFB85982F61C /* DataLocal */,
				CC4D8E13B1D8FADF0801BF7C /* DataMapper */,
				E9C4F1659BAF6061B3C77575 /* DataRepository */,
				7F6DF6860F6E7972E3D7D4DE /* DesignSystem */,
				A435F86326BAB89EB3990C8B /* Domain */,
				3E23FB4E59038F76E4887D35 /* FormDetailFeature */,
				F21292A4ACDF47CD40064037 /* FormEntriesFeature */,
				FDA178BCC14E79B802D7C593 /* FormListFeature */,
				9F03F85893E42D2DD36819CF /* TestUtils */,
				A576AAC3C21B17668CD94F6F /* UIComponents */,
				6681CE6909AD93BC3018CD1C /* Utilities */,
			);
			path = Packages;
			sourceTree = "<group>";
		};
		8AD4E5675E5CDF09BFA5B1AA /* DynamicFormsTests */ = {
			isa = PBXGroup;
			children = (
				6585B1144FA2219F5476C8A8 /* DynamicFormsTests.swift */,
			);
			path = DynamicFormsTests;
			sourceTree = "<group>";
		};
		96DF51A1E6FA8A5DC306B46E /* Navigation */ = {
			isa = PBXGroup;
			children = (
				07C6F5B7E286A67D603F9161 /* AppCoordinator.swift */,
			);
			path = Navigation;
			sourceTree = "<group>";
		};
		A004F545D2E36EC6B6F56428 /* Products */ = {
			isa = PBXGroup;
			children = (
				7ABC3F19013E471F4EE127C5 /* DynamicForms.app */,
				601C83FC9DDCDBC24B278539 /* DynamicFormsTests.xctest */,
				7CFEBF23744CACBBEB9CCBBF /* DynamicFormsUITests.xctest */,
			);
			name = Products;
			sourceTree = "<group>";
		};
		AB230A78CCBE7BAD9A3C9A56 = {
			isa = PBXGroup;
			children = (
				F5D334FAA4AFA7EB3C200486 /* DI */,
				8AD4E5675E5CDF09BFA5B1AA /* DynamicFormsTests */,
				BEDDD9A936F787148B6C577A /* DynamicFormsUITests */,
				96DF51A1E6FA8A5DC306B46E /* Navigation */,
				6DCEC2F9E66EE58F0CBCD6BD /* Packages */,
				A004F545D2E36EC6B6F56428 /* Products */,
			);
			sourceTree = "<group>";
		};
		BEDDD9A936F787148B6C577A /* DynamicFormsUITests */ = {
			isa = PBXGroup;
			children = (
				E7C27CD9C08E06114727983C /* DynamicFormsUITests.swift */,
				070D7D31F83ACD4E121C342B /* DynamicFormsUITestsLaunchTests.swift */,
			);
			path = DynamicFormsUITests;
			sourceTree = "<group>";
		};
		F5D334FAA4AFA7EB3C200486 /* DI */ = {
			isa = PBXGroup;
			children = (
				37E151D0FAA8B993B686FD6C /* DIContainer.swift */,
			);
			path = DI;
			sourceTree = "<group>";
		};
		"TEMP_2EF27C9B-60CD-458F-AB0C-6B4D696FBA1D" /* DynamicForms */ = {
			isa = PBXGroup;
			children = (
				"TEMP_F5597705-FB7F-423E-A175-C7E8F67CDA2E" /* DynamicFormsApp.swift */,
				F5D334FAA4AFA7EB3C200486 /* DI */,
				96DF51A1E6FA8A5DC306B46E /* Navigation */,
			);
			path = DynamicForms;
			sourceTree = "<group>";
		};
/* End PBXGroup section */

/* Begin PBXNativeTarget section */
		09C7867A8824BDF500287E6C /* DynamicFormsTests */ = {
			isa = PBXNativeTarget;
			buildConfigurationList = 3D24BDEBF4A6DA11A508A163 /* Build configuration list for PBXNativeTarget "DynamicFormsTests" */;
			buildPhases = (
				B99BF633BEB66A961949894F /* Sources */,
				5949BE4BEB5336873211D268 /* Frameworks */,
			);
			buildRules = (
			);
			dependencies = (
				F5DC7AD73ACF750828D44600 /* PBXTargetDependency */,
			);
			name = DynamicFormsTests;
			packageProductDependencies = (
				A6490D1A083606B7A3005E2E /* TestUtils */,
			);
			productName = DynamicFormsTests;
			productReference = 601C83FC9DDCDBC24B278539 /* DynamicFormsTests.xctest */;
			productType = "com.apple.product-type.bundle.unit-test";
		};
		1E7711D42CE9E67625757803 /* DynamicForms */ = {
			isa = PBXNativeTarget;
			buildConfigurationList = 282DD05823A22754A6121719 /* Build configuration list for PBXNativeTarget "DynamicForms" */;
			buildPhases = (
				DA8BA708D3018AAA8BFDD8A8 /* Sources */,
				C225F029174D948A497035E1 /* Copy JSON Resources */,
				6651AA2C02E7064ECB8FE398 /* Frameworks */,
			);
			buildRules = (
			);
			dependencies = (
			);
			name = DynamicForms;
			packageProductDependencies = (
				68306E9430800CB424DE5C9C /* Domain */,
				74312C1A3CAAB43D82A3E304 /* DataRepository */,
				B9F790B9EEDCDFE482D5BC83 /* DataLocal */,
				61C297BFFEDADA1AC0D1B2C7 /* DataMapper */,
				368BD3D1E5159E9702541E4C /* DesignSystem */,
				8786F7A924D2B2F75989C2DF /* UIComponents */,
				36EAC9108A33EF932F460459 /* Utilities */,
				DB35E8C44F8510317B000964 /* FormListFeature */,
				91C9E7539EEA9E0014DD7337 /* FormEntriesFeature */,
				3B56FED9296936476CE6901D /* FormDetailFeature */,
			);
			productName = DynamicForms;
			productReference = 7ABC3F19013E471F4EE127C5 /* DynamicForms.app */;
			productType = "com.apple.product-type.application";
		};
		37A5E213E317D203B31E1FCC /* DynamicFormsUITests */ = {
			isa = PBXNativeTarget;
			buildConfigurationList = EE67FDF3BD639AE3B47F4EAB /* Build configuration list for PBXNativeTarget "DynamicFormsUITests" */;
			buildPhases = (
				69949336DED41D10439C7CDE /* Sources */,
			);
			buildRules = (
			);
			dependencies = (
				3273AD7D28C723B82E3410E0 /* PBXTargetDependency */,
			);
			name = DynamicFormsUITests;
			packageProductDependencies = (
			);
			productName = DynamicFormsUITests;
			productReference = 7CFEBF23744CACBBEB9CCBBF /* DynamicFormsUITests.xctest */;
			productType = "com.apple.product-type.bundle.ui-testing";
		};
/* End PBXNativeTarget section */

/* Begin PBXProject section */
		C09E54B66A7265DC24A67F15 /* Project object */ = {
			isa = PBXProject;
			attributes = {
				BuildIndependentTargetsInParallel = YES;
				LastUpgradeCheck = 1500;
				TargetAttributes = {
					37A5E213E317D203B31E1FCC = {
						TestTargetID = 1E7711D42CE9E67625757803;
					};
				};
			};
			buildConfigurationList = 2B1D73C59AB47C672A796FE4 /* Build configuration list for PBXProject "DynamicForms" */;
			compatibilityVersion = "Xcode 14.0";
			developmentRegion = en;
			hasScannedForEncodings = 0;
			knownRegions = (
				Base,
				en,
			);
			mainGroup = AB230A78CCBE7BAD9A3C9A56;
			minimizedProjectReferenceProxies = 1;
			packageReferences = (
				1E078D75439620CD3DE7394F /* XCLocalSwiftPackageReference "Packages/Data/DataLocal" */,
				D97107C2CD97CEC599695C7D /* XCLocalSwiftPackageReference "Packages/Data/DataMapper" */,
				ECFA76DE9CB50EC01DD0CAC5 /* XCLocalSwiftPackageReference "Packages/Data/DataRepository" */,
				1DCBC6220CEB9E92354C2B9A /* XCLocalSwiftPackageReference "Packages/Core/DesignSystem" */,
				E8183A6514FCFCF63B5EA71A /* XCLocalSwiftPackageReference "Packages/Domain" */,
				D17FABC4C71FBC77493189B9 /* XCLocalSwiftPackageReference "Packages/Features/FormDetailFeature" */,
				DA40C839173FBD04BDF5F747 /* XCLocalSwiftPackageReference "Packages/Features/FormEntriesFeature" */,
				88A007826F6284E8B5E6BCD8 /* XCLocalSwiftPackageReference "Packages/Features/FormListFeature" */,
				CF8398573D195FB649C449CD /* XCLocalSwiftPackageReference "Packages/Core/TestUtils" */,
				EBF997BFF3EC9A5814D7E0BB /* XCLocalSwiftPackageReference "Packages/Core/UIComponents" */,
				E3712916A49D34A86E921058 /* XCLocalSwiftPackageReference "Packages/Core/Utilities" */,
			);
			preferredProjectObjectVersion = 77;
			projectDirPath = "";
			projectRoot = "";
			targets = (
				1E7711D42CE9E67625757803 /* DynamicForms */,
				09C7867A8824BDF500287E6C /* DynamicFormsTests */,
				37A5E213E317D203B31E1FCC /* DynamicFormsUITests */,
			);
		};
/* End PBXProject section */

/* Begin PBXShellScriptBuildPhase section */
		C225F029174D948A497035E1 /* Copy JSON Resources */ = {
			isa = PBXShellScriptBuildPhase;
			buildActionMask = 2147483647;
			files = (
			);
			inputFileListPaths = (
			);
			inputPaths = (
			);
			name = "Copy JSON Resources";
			outputFileListPaths = (
			);
			outputPaths = (
			);
			runOnlyForDeploymentPostprocessing = 0;
			shellPath = /bin/bash;
			shellScript = "echo \"Copying JSON resources to app bundle...\"\nif [ -d \"${BUILT_PRODUCTS_DIR}/${PRODUCT_NAME}.app\" ]; then\n  cp \"${PROJECT_DIR}/200-form.json\" \"${BUILT_PRODUCTS_DIR}/${PRODUCT_NAME}.app/\" || echo \"Failed to copy 200-form.json\"\n  cp \"${PROJECT_DIR}/all-fields.json\" \"${BUILT_PRODUCTS_DIR}/${PRODUCT_NAME}.app/\" || echo \"Failed to copy all-fields.json\"\n  echo \"JSON files copied successfully\"\nelse\n  echo \"App bundle not found, skipping JSON copy\"\nfi\n";
		};
/* End PBXShellScriptBuildPhase section */

/* Begin PBXSourcesBuildPhase section */
		69949336DED41D10439C7CDE /* Sources */ = {
			isa = PBXSourcesBuildPhase;
			buildActionMask = 2147483647;
			files = (
				E8B3779245846495379E9888 /* DynamicFormsUITests.swift in Sources */,
				68560D30A88ADF5C59C2DAF1 /* DynamicFormsUITestsLaunchTests.swift in Sources */,
			);
			runOnlyForDeploymentPostprocessing = 0;
		};
		B99BF633BEB66A961949894F /* Sources */ = {
			isa = PBXSourcesBuildPhase;
			buildActionMask = 2147483647;
			files = (
				D55CD17DAD1FD3BE09EBA646 /* DynamicFormsTests.swift in Sources */,
			);
			runOnlyForDeploymentPostprocessing = 0;
		};
		DA8BA708D3018AAA8BFDD8A8 /* Sources */ = {
			isa = PBXSourcesBuildPhase;
			buildActionMask = 2147483647;
			files = (
				9A45BCD8C2495F4D3003833E /* AppCoordinator.swift in Sources */,
				1B54BAC20ABF13D52322A7DE /* DIContainer.swift in Sources */,
				AB62F7DC7723C086120FEC71 /* DynamicFormsApp.swift in Sources */,
			);
			runOnlyForDeploymentPostprocessing = 0;
		};
/* End PBXSourcesBuildPhase section */

/* Begin PBXTargetDependency section */
		3273AD7D28C723B82E3410E0 /* PBXTargetDependency */ = {
			isa = PBXTargetDependency;
			target = 1E7711D42CE9E67625757803 /* DynamicForms */;
			targetProxy = 806B77EB64417FC5F77820E9 /* PBXContainerItemProxy */;
		};
		F5DC7AD73ACF750828D44600 /* PBXTargetDependency */ = {
			isa = PBXTargetDependency;
			target = 1E7711D42CE9E67625757803 /* DynamicForms */;
			targetProxy = 68042FE12AA602B03876A84B /* PBXContainerItemProxy */;
		};
/* End PBXTargetDependency section */

/* Begin XCBuildConfiguration section */
		0E6F3709D5A742BBDB0E250C /* Debug */ = {
			isa = XCBuildConfiguration;
			buildSettings = {
				BUNDLE_LOADER = "$(TEST_HOST)";
				IPHONEOS_DEPLOYMENT_TARGET = 16.0;
				LD_RUNPATH_SEARCH_PATHS = (
					"$(inherited)",
					"@executable_path/Frameworks",
					"@loader_path/Frameworks",
				);
				PRODUCT_BUNDLE_IDENTIFIER = com.example.dynamicforms.tests;
				SDKROOT = iphoneos;
				TARGETED_DEVICE_FAMILY = "1,2";
				TEST_HOST = "$(BUILT_PRODUCTS_DIR)/DynamicForms.app/$(BUNDLE_EXECUTABLE_FOLDER_PATH)/DynamicForms";
			};
			name = Debug;
		};
		3A9665052F3192116B47160D /* Debug */ = {
			isa = XCBuildConfiguration;
			buildSettings = {
				BUNDLE_LOADER = "$(TEST_HOST)";
				IPHONEOS_DEPLOYMENT_TARGET = 16.0;
				LD_RUNPATH_SEARCH_PATHS = (
					"$(inherited)",
					"@executable_path/Frameworks",
					"@loader_path/Frameworks",
				);
				PRODUCT_BUNDLE_IDENTIFIER = com.example.dynamicforms.uitests;
				SDKROOT = iphoneos;
				TARGETED_DEVICE_FAMILY = "1,2";
				TEST_TARGET_NAME = DynamicForms;
			};
			name = Debug;
		};
		5F714CD3E799C65B3D8A7A8D /* Debug */ = {
			isa = XCBuildConfiguration;
			buildSettings = {
				ASSETCATALOG_COMPILER_APPICON_NAME = AppIcon;
				ASSETCATALOG_COMPILER_GLOBAL_ACCENT_COLOR_NAME = AccentColor;
				CODE_SIGN_ENTITLEMENTS = DynamicForms.entitlements;
				CODE_SIGN_IDENTITY = "iPhone Developer";
				CURRENT_PROJECT_VERSION = 1;
				DEVELOPMENT_ASSET_PATHS = .;
				ENABLE_PREVIEWS = YES;
				INFOPLIST_FILE = Info.plist;
				IPHONEOS_DEPLOYMENT_TARGET = 16.0;
				LD_RUNPATH_SEARCH_PATHS = (
					"$(inherited)",
					"@executable_path/Frameworks",
				);
				MARKETING_VERSION = 1.0.0;
				PRODUCT_BUNDLE_IDENTIFIER = com.example.dynamicforms;
				SDKROOT = iphoneos;
				SWIFT_VERSION = 5.9;
				TARGETED_DEVICE_FAMILY = "1,2";
			};
			name = Debug;
		};
		7513AD756E1FB6B6F22A1700 /* Release */ = {
			isa = XCBuildConfiguration;
			buildSettings = {
				BUNDLE_LOADER = "$(TEST_HOST)";
				IPHONEOS_DEPLOYMENT_TARGET = 16.0;
				LD_RUNPATH_SEARCH_PATHS = (
					"$(inherited)",
					"@executable_path/Frameworks",
					"@loader_path/Frameworks",
				);
				PRODUCT_BUNDLE_IDENTIFIER = com.example.dynamicforms.uitests;
				SDKROOT = iphoneos;
				TARGETED_DEVICE_FAMILY = "1,2";
				TEST_TARGET_NAME = DynamicForms;
			};
			name = Release;
		};
		7924DD625D9FDA270F338D65 /* Release */ = {
			isa = XCBuildConfiguration;
			buildSettings = {
				BUNDLE_LOADER = "$(TEST_HOST)";
				IPHONEOS_DEPLOYMENT_TARGET = 16.0;
				LD_RUNPATH_SEARCH_PATHS = (
					"$(inherited)",
					"@executable_path/Frameworks",
					"@loader_path/Frameworks",
				);
				PRODUCT_BUNDLE_IDENTIFIER = com.example.dynamicforms.tests;
				SDKROOT = iphoneos;
				TARGETED_DEVICE_FAMILY = "1,2";
				TEST_HOST = "$(BUILT_PRODUCTS_DIR)/DynamicForms.app/$(BUNDLE_EXECUTABLE_FOLDER_PATH)/DynamicForms";
			};
			name = Release;
		};
		B774714ED5699B12001494A7 /* Release */ = {
			isa = XCBuildConfiguration;
			buildSettings = {
				ASSETCATALOG_COMPILER_APPICON_NAME = AppIcon;
				ASSETCATALOG_COMPILER_GLOBAL_ACCENT_COLOR_NAME = AccentColor;
				CODE_SIGN_ENTITLEMENTS = DynamicForms.entitlements;
				CODE_SIGN_IDENTITY = "iPhone Developer";
				CURRENT_PROJECT_VERSION = 1;
				DEVELOPMENT_ASSET_PATHS = .;
				ENABLE_PREVIEWS = YES;
				INFOPLIST_FILE = Info.plist;
				IPHONEOS_DEPLOYMENT_TARGET = 16.0;
				LD_RUNPATH_SEARCH_PATHS = (
					"$(inherited)",
					"@executable_path/Frameworks",
				);
				MARKETING_VERSION = 1.0.0;
				PRODUCT_BUNDLE_IDENTIFIER = com.example.dynamicforms;
				SDKROOT = iphoneos;
				SWIFT_VERSION = 5.9;
				TARGETED_DEVICE_FAMILY = "1,2";
			};
			name = Release;
		};
		B820A6EDD537797C92C14226 /* Release */ = {
			isa = XCBuildConfiguration;
			buildSettings = {
				ALWAYS_SEARCH_USER_PATHS = NO;
				CLANG_ANALYZER_NONNULL = YES;
				CLANG_ANALYZER_NUMBER_OBJECT_CONVERSION = YES_AGGRESSIVE;
				CLANG_CXX_LANGUAGE_STANDARD = "gnu++14";
				CLANG_CXX_LIBRARY = "libc++";
				CLANG_ENABLE_MODULES = YES;
				CLANG_ENABLE_OBJC_ARC = YES;
				CLANG_ENABLE_OBJC_WEAK = YES;
				CLANG_WARN_BLOCK_CAPTURE_AUTORELEASING = YES;
				CLANG_WARN_BOOL_CONVERSION = YES;
				CLANG_WARN_COMMA = YES;
				CLANG_WARN_CONSTANT_CONVERSION = YES;
				CLANG_WARN_DEPRECATED_OBJC_IMPLEMENTATIONS = YES;
				CLANG_WARN_DIRECT_OBJC_ISA_USAGE = YES_ERROR;
				CLANG_WARN_DOCUMENTATION_COMMENTS = YES;
				CLANG_WARN_EMPTY_BODY = YES;
				CLANG_WARN_ENUM_CONVERSION = YES;
				CLANG_WARN_INFINITE_RECURSION = YES;
				CLANG_WARN_INT_CONVERSION = YES;
				CLANG_WARN_NON_LITERAL_NULL_CONVERSION = YES;
				CLANG_WARN_OBJC_IMPLICIT_RETAIN_SELF = YES;
				CLANG_WARN_OBJC_LITERAL_CONVERSION = YES;
				CLANG_WARN_OBJC_ROOT_CLASS = YES_ERROR;
				CLANG_WARN_QUOTED_INCLUDE_IN_FRAMEWORK_HEADER = YES;
				CLANG_WARN_RANGE_LOOP_ANALYSIS = YES;
				CLANG_WARN_STRICT_PROTOTYPES = YES;
				CLANG_WARN_SUSPICIOUS_MOVE = YES;
				CLANG_WARN_UNGUARDED_AVAILABILITY = YES_AGGRESSIVE;
				CLANG_WARN_UNREACHABLE_CODE = YES;
				CLANG_WARN__DUPLICATE_METHOD_MATCH = YES;
				COPY_PHASE_STRIP = NO;
				DEBUG_INFORMATION_FORMAT = "dwarf-with-dsym";
				ENABLE_NS_ASSERTIONS = NO;
				ENABLE_STRICT_OBJC_MSGSEND = YES;
				GCC_C_LANGUAGE_STANDARD = gnu11;
				GCC_NO_COMMON_BLOCKS = YES;
				GCC_WARN_64_TO_32_BIT_CONVERSION = YES;
				GCC_WARN_ABOUT_RETURN_TYPE = YES_ERROR;
				GCC_WARN_UNDECLARED_SELECTOR = YES;
				GCC_WARN_UNINITIALIZED_AUTOS = YES_AGGRESSIVE;
				GCC_WARN_UNUSED_FUNCTION = YES;
				GCC_WARN_UNUSED_VARIABLE = YES;
				IPHONEOS_DEPLOYMENT_TARGET = 16.0;
				MTL_ENABLE_DEBUG_INFO = NO;
				MTL_FAST_MATH = YES;
				PRODUCT_NAME = "$(TARGET_NAME)";
				SDKROOT = iphoneos;
				SWIFT_COMPILATION_MODE = wholemodule;
				SWIFT_OPTIMIZATION_LEVEL = "-O";
				SWIFT_VERSION = 5.0;
			};
			name = Release;
		};
		B8C29D0B605A6C99FE084FB9 /* Debug */ = {
			isa = XCBuildConfiguration;
			buildSettings = {
				ALWAYS_SEARCH_USER_PATHS = NO;
				CLANG_ANALYZER_NONNULL = YES;
				CLANG_ANALYZER_NUMBER_OBJECT_CONVERSION = YES_AGGRESSIVE;
				CLANG_CXX_LANGUAGE_STANDARD = "gnu++14";
				CLANG_CXX_LIBRARY = "libc++";
				CLANG_ENABLE_MODULES = YES;
				CLANG_ENABLE_OBJC_ARC = YES;
				CLANG_ENABLE_OBJC_WEAK = YES;
				CLANG_WARN_BLOCK_CAPTURE_AUTORELEASING = YES;
				CLANG_WARN_BOOL_CONVERSION = YES;
				CLANG_WARN_COMMA = YES;
				CLANG_WARN_CONSTANT_CONVERSION = YES;
				CLANG_WARN_DEPRECATED_OBJC_IMPLEMENTATIONS = YES;
				CLANG_WARN_DIRECT_OBJC_ISA_USAGE = YES_ERROR;
				CLANG_WARN_DOCUMENTATION_COMMENTS = YES;
				CLANG_WARN_EMPTY_BODY = YES;
				CLANG_WARN_ENUM_CONVERSION = YES;
				CLANG_WARN_INFINITE_RECURSION = YES;
				CLANG_WARN_INT_CONVERSION = YES;
				CLANG_WARN_NON_LITERAL_NULL_CONVERSION = YES;
				CLANG_WARN_OBJC_IMPLICIT_RETAIN_SELF = YES;
				CLANG_WARN_OBJC_LITERAL_CONVERSION = YES;
				CLANG_WARN_OBJC_ROOT_CLASS = YES_ERROR;
				CLANG_WARN_QUOTED_INCLUDE_IN_FRAMEWORK_HEADER = YES;
				CLANG_WARN_RANGE_LOOP_ANALYSIS = YES;
				CLANG_WARN_STRICT_PROTOTYPES = YES;
				CLANG_WARN_SUSPICIOUS_MOVE = YES;
				CLANG_WARN_UNGUARDED_AVAILABILITY = YES_AGGRESSIVE;
				CLANG_WARN_UNREACHABLE_CODE = YES;
				CLANG_WARN__DUPLICATE_METHOD_MATCH = YES;
				COPY_PHASE_STRIP = NO;
				DEBUG_INFORMATION_FORMAT = dwarf;
				ENABLE_STRICT_OBJC_MSGSEND = YES;
				ENABLE_TESTABILITY = YES;
				GCC_C_LANGUAGE_STANDARD = gnu11;
				GCC_DYNAMIC_NO_PIC = NO;
				GCC_NO_COMMON_BLOCKS = YES;
				GCC_OPTIMIZATION_LEVEL = 0;
				GCC_PREPROCESSOR_DEFINITIONS = (
					"$(inherited)",
					"DEBUG=1",
				);
				GCC_WARN_64_TO_32_BIT_CONVERSION = YES;
				GCC_WARN_ABOUT_RETURN_TYPE = YES_ERROR;
				GCC_WARN_UNDECLARED_SELECTOR = YES;
				GCC_WARN_UNINITIALIZED_AUTOS = YES_AGGRESSIVE;
				GCC_WARN_UNUSED_FUNCTION = YES;
				GCC_WARN_UNUSED_VARIABLE = YES;
				IPHONEOS_DEPLOYMENT_TARGET = 16.0;
				MTL_ENABLE_DEBUG_INFO = INCLUDE_SOURCE;
				MTL_FAST_MATH = YES;
				ONLY_ACTIVE_ARCH = YES;
				PRODUCT_NAME = "$(TARGET_NAME)";
				SDKROOT = iphoneos;
				SWIFT_ACTIVE_COMPILATION_CONDITIONS = DEBUG;
				SWIFT_OPTIMIZATION_LEVEL = "-Onone";
				SWIFT_VERSION = 5.0;
			};
			name = Debug;
		};
/* End XCBuildConfiguration section */

/* Begin XCConfigurationList section */
		282DD05823A22754A6121719 /* Build configuration list for PBXNativeTarget "DynamicForms" */ = {
			isa = XCConfigurationList;
			buildConfigurations = (
				5F714CD3E799C65B3D8A7A8D /* Debug */,
				B774714ED5699B12001494A7 /* Release */,
			);
			defaultConfigurationIsVisible = 0;
			defaultConfigurationName = Debug;
		};
		2B1D73C59AB47C672A796FE4 /* Build configuration list for PBXProject "DynamicForms" */ = {
			isa = XCConfigurationList;
			buildConfigurations = (
				B8C29D0B605A6C99FE084FB9 /* Debug */,
				B820A6EDD537797C92C14226 /* Release */,
			);
			defaultConfigurationIsVisible = 0;
			defaultConfigurationName = Debug;
		};
		3D24BDEBF4A6DA11A508A163 /* Build configuration list for PBXNativeTarget "DynamicFormsTests" */ = {
			isa = XCConfigurationList;
			buildConfigurations = (
				0E6F3709D5A742BBDB0E250C /* Debug */,
				7924DD625D9FDA270F338D65 /* Release */,
			);
			defaultConfigurationIsVisible = 0;
			defaultConfigurationName = Debug;
		};
		EE67FDF3BD639AE3B47F4EAB /* Build configuration list for PBXNativeTarget "DynamicFormsUITests" */ = {
			isa = XCConfigurationList;
			buildConfigurations = (
				3A9665052F3192116B47160D /* Debug */,
				7513AD756E1FB6B6F22A1700 /* Release */,
			);
			defaultConfigurationIsVisible = 0;
			defaultConfigurationName = Debug;
		};
/* End XCConfigurationList section */

/* Begin XCLocalSwiftPackageReference section */
		1DCBC6220CEB9E92354C2B9A /* XCLocalSwiftPackageReference "Packages/Core/DesignSystem" */ = {
			isa = XCLocalSwiftPackageReference;
			relativePath = Packages/Core/DesignSystem;
		};
		1E078D75439620CD3DE7394F /* XCLocalSwiftPackageReference "Packages/Data/DataLocal" */ = {
			isa = XCLocalSwiftPackageReference;
			relativePath = Packages/Data/DataLocal;
		};
		88A007826F6284E8B5E6BCD8 /* XCLocalSwiftPackageReference "Packages/Features/FormListFeature" */ = {
			isa = XCLocalSwiftPackageReference;
			relativePath = Packages/Features/FormListFeature;
		};
		CF8398573D195FB649C449CD /* XCLocalSwiftPackageReference "Packages/Core/TestUtils" */ = {
			isa = XCLocalSwiftPackageReference;
			relativePath = Packages/Core/TestUtils;
		};
		D17FABC4C71FBC77493189B9 /* XCLocalSwiftPackageReference "Packages/Features/FormDetailFeature" */ = {
			isa = XCLocalSwiftPackageReference;
			relativePath = Packages/Features/FormDetailFeature;
		};
		D97107C2CD97CEC599695C7D /* XCLocalSwiftPackageReference "Packages/Data/DataMapper" */ = {
			isa = XCLocalSwiftPackageReference;
			relativePath = Packages/Data/DataMapper;
		};
		DA40C839173FBD04BDF5F747 /* XCLocalSwiftPackageReference "Packages/Features/FormEntriesFeature" */ = {
			isa = XCLocalSwiftPackageReference;
			relativePath = Packages/Features/FormEntriesFeature;
		};
		E3712916A49D34A86E921058 /* XCLocalSwiftPackageReference "Packages/Core/Utilities" */ = {
			isa = XCLocalSwiftPackageReference;
			relativePath = Packages/Core/Utilities;
		};
		E8183A6514FCFCF63B5EA71A /* XCLocalSwiftPackageReference "Packages/Domain" */ = {
			isa = XCLocalSwiftPackageReference;
			relativePath = Packages/Domain;
		};
		EBF997BFF3EC9A5814D7E0BB /* XCLocalSwiftPackageReference "Packages/Core/UIComponents" */ = {
			isa = XCLocalSwiftPackageReference;
			relativePath = Packages/Core/UIComponents;
		};
		ECFA76DE9CB50EC01DD0CAC5 /* XCLocalSwiftPackageReference "Packages/Data/DataRepository" */ = {
			isa = XCLocalSwiftPackageReference;
			relativePath = Packages/Data/DataRepository;
		};
/* End XCLocalSwiftPackageReference section */

/* Begin XCSwiftPackageProductDependency section */
		368BD3D1E5159E9702541E4C /* DesignSystem */ = {
			isa = XCSwiftPackageProductDependency;
			productName = DesignSystem;
		};
		36EAC9108A33EF932F460459 /* Utilities */ = {
			isa = XCSwiftPackageProductDependency;
			productName = Utilities;
		};
		3B56FED9296936476CE6901D /* FormDetailFeature */ = {
			isa = XCSwiftPackageProductDependency;
			productName = FormDetailFeature;
		};
		61C297BFFEDADA1AC0D1B2C7 /* DataMapper */ = {
			isa = XCSwiftPackageProductDependency;
			productName = DataMapper;
		};
		68306E9430800CB424DE5C9C /* Domain */ = {
			isa = XCSwiftPackageProductDependency;
			productName = Domain;
		};
		74312C1A3CAAB43D82A3E304 /* DataRepository */ = {
			isa = XCSwiftPackageProductDependency;
			productName = DataRepository;
		};
		8786F7A924D2B2F75989C2DF /* UIComponents */ = {
			isa = XCSwiftPackageProductDependency;
			productName = UIComponents;
		};
		91C9E7539EEA9E0014DD7337 /* FormEntriesFeature */ = {
			isa = XCSwiftPackageProductDependency;
			productName = FormEntriesFeature;
		};
		A6490D1A083606B7A3005E2E /* TestUtils */ = {
			isa = XCSwiftPackageProductDependency;
			productName = TestUtils;
		};
		B9F790B9EEDCDFE482D5BC83 /* DataLocal */ = {
			isa = XCSwiftPackageProductDependency;
			productName = DataLocal;
		};
		DB35E8C44F8510317B000964 /* FormListFeature */ = {
			isa = XCSwiftPackageProductDependency;
			productName = FormListFeature;
		};
/* End XCSwiftPackageProductDependency section */
	};
	rootObject = C09E54B66A7265DC24A67F15 /* Project object */;
}
